// !$*UTF8*$!
{
	archiveVersion = 1;
	classes = {
	};
	objectVersion = 56;
	objects = {

/* Begin PBXBuildFile section */
		452D46E52A6819170045A50A /* MPDXiOSLib in Frameworks */ = {isa = PBXBuildFile; productRef = 452D46E42A6819170045A50A /* MPDXiOSLib */; };
		4575B0A62A6817D500A11377 /* Assets.xcassets in Resources */ = {isa = PBXBuildFile; fileRef = 4575B0A52A6817D500A11377 /* Assets.xcassets */; };
		4575B0AA2A6817D500A11377 /* Preview Assets.xcassets in Resources */ = {isa = PBXBuildFile; fileRef = 4575B0A92A6817D500A11377 /* Preview Assets.xcassets */; };
		45A5B4932A68584E00B57EEE /* AppConfig.swift in Sources */ = {isa = PBXBuildFile; fileRef = 45A5B48C2A68584E00B57EEE /* AppConfig.swift */; };
		45A5B4962A68584E00B57EEE /* AppDelegate.swift in Sources */ = {isa = PBXBuildFile; fileRef = 45A5B4922A68584E00B57EEE /* AppDelegate.swift */; };
		45A5B4AD2A68658A00B57EEE /* InfoPlist.strings in Resources */ = {isa = PBXBuildFile; fileRef = 45A5B4A42A68658A00B57EEE /* InfoPlist.strings */; };
/* End PBXBuildFile section */

/* Begin PBXFileReference section */
		4555DC032A68377300548C48 /* Info.plist */ = {isa = PBXFileReference; lastKnownFileType = text.plist; path = Info.plist; sourceTree = "<group>"; };
		4575B09E2A6817D400A11377 /* MPDXClientExampleSwiftPackageManager.app */ = {isa = PBXFileReference; explicitFileType = wrapper.application; includeInIndex = 0; path = MPDXClientExampleSwiftPackageManager.app; sourceTree = BUILT_PRODUCTS_DIR; };
		4575B0A52A6817D500A11377 /* Assets.xcassets */ = {isa = PBXFileReference; lastKnownFileType = folder.assetcatalog; path = Assets.xcassets; sourceTree = "<group>"; };
		4575B0A72A6817D500A11377 /* MPDXClientExampleSwiftPackageManager.entitlements */ = {isa = PBXFileReference; lastKnownFileType = text.plist.entitlements; path = MPDXClientExampleSwiftPackageManager.entitlements; sourceTree = "<group>"; };
		4575B0A92A6817D500A11377 /* Preview Assets.xcassets */ = {isa = PBXFileReference; lastKnownFileType = folder.assetcatalog; path = "Preview Assets.xcassets"; sourceTree = "<group>"; };
		45A5B48C2A68584E00B57EEE /* AppConfig.swift */ = {isa = PBXFileReference; fileEncoding = 4; lastKnownFileType = sourcecode.swift; path = AppConfig.swift; sourceTree = "<group>"; };
		45A5B4922A68584E00B57EEE /* AppDelegate.swift */ = {isa = PBXFileReference; fileEncoding = 4; lastKnownFileType = sourcecode.swift; path = AppDelegate.swift; sourceTree = "<group>"; };
		45A5B4A52A68658A00B57EEE /* de */ = {isa = PBXFileReference; lastKnownFileType = text.plist.strings; name = de; path = de.lproj/InfoPlist.strings; sourceTree = "<group>"; };
		45A5B4A62A68658A00B57EEE /* ar */ = {isa = PBXFileReference; lastKnownFileType = text.plist.strings; name = ar; path = ar.lproj/InfoPlist.strings; sourceTree = "<group>"; };
		45A5B4A72A68658A00B57EEE /* es-419 */ = {isa = PBXFileReference; lastKnownFileType = text.plist.strings; name = "es-419"; path = "es-419.lproj/InfoPlist.strings"; sourceTree = "<group>"; };
		45A5B4A82A68658A00B57EEE /* fr-FR */ = {isa = PBXFileReference; lastKnownFileType = text.plist.strings; name = "fr-FR"; path = "fr-FR.lproj/InfoPlist.strings"; sourceTree = "<group>"; };
		45A5B4A92A68658A00B57EEE /* ko */ = {isa = PBXFileReference; lastKnownFileType = text.plist.strings; name = ko; path = ko.lproj/InfoPlist.strings; sourceTree = "<group>"; };
		45A5B4AA2A68658A00B57EEE /* Base */ = {isa = PBXFileReference; lastKnownFileType = text.plist.strings; name = Base; path = Base.lproj/InfoPlist.strings; sourceTree = "<group>"; };
		45A5B4AB2A68658A00B57EEE /* tr */ = {isa = PBXFileReference; lastKnownFileType = text.plist.strings; name = tr; path = tr.lproj/InfoPlist.strings; sourceTree = "<group>"; };
		45A5B4AC2A68658A00B57EEE /* ru */ = {isa = PBXFileReference; lastKnownFileType = text.plist.strings; name = ru; path = ru.lproj/InfoPlist.strings; sourceTree = "<group>"; };
/* End PBXFileReference section */

/* Begin PBXFrameworksBuildPhase section */
		4575B09B2A6817D400A11377 /* Frameworks */ = {
			isa = PBXFrameworksBuildPhase;
			buildActionMask = 2147483647;
			files = (
				452D46E52A6819170045A50A /* MPDXiOSLib in Frameworks */,
			);
			runOnlyForDeploymentPostprocessing = 0;
		};
/* End PBXFrameworksBuildPhase section */

/* Begin PBXGroup section */
		4575B0952A6817D400A11377 = {
			isa = PBXGroup;
			children = (
				4575B0A02A6817D400A11377 /* MPDXClientExampleSwiftPackageManager */,
				4575B09F2A6817D400A11377 /* Products */,
			);
			sourceTree = "<group>";
		};
		4575B09F2A6817D400A11377 /* Products */ = {
			isa = PBXGroup;
			children = (
				4575B09E2A6817D400A11377 /* MPDXClientExampleSwiftPackageManager.app */,
			);
			name = Products;
			sourceTree = "<group>";
		};
		4575B0A02A6817D400A11377 /* MPDXClientExampleSwiftPackageManager */ = {
			isa = PBXGroup;
			children = (
				4575B0A52A6817D500A11377 /* Assets.xcassets */,
				4555DC032A68377300548C48 /* Info.plist */,
				4575B0A72A6817D500A11377 /* MPDXClientExampleSwiftPackageManager.entitlements */,
				45A5B4922A68584E00B57EEE /* AppDelegate.swift */,
				45A5B48C2A68584E00B57EEE /* AppConfig.swift */,
				4575B0A82A6817D500A11377 /* Preview Content */,
				45A5B4A32A68658A00B57EEE /* UsageDescriptions */,
			);
			path = MPDXClientExampleSwiftPackageManager;
			sourceTree = "<group>";
		};
		4575B0A82A6817D500A11377 /* Preview Content */ = {
			isa = PBXGroup;
			children = (
				4575B0A92A6817D500A11377 /* Preview Assets.xcassets */,
			);
			path = "Preview Content";
			sourceTree = "<group>";
		};
		45A5B4A32A68658A00B57EEE /* UsageDescriptions */ = {
			isa = PBXGroup;
			children = (
				45A5B4A42A68658A00B57EEE /* InfoPlist.strings */,
			);
			path = UsageDescriptions;
			sourceTree = "<group>";
		};
/* End PBXGroup section */

/* Begin PBXNativeTarget section */
		4575B09D2A6817D400A11377 /* MPDXClientExampleSwiftPackageManager */ = {
			isa = PBXNativeTarget;
			buildConfigurationList = 4575B0AD2A6817D500A11377 /* Build configuration list for PBXNativeTarget "MPDXClientExampleSwiftPackageManager" */;
			buildPhases = (
				4575B09A2A6817D400A11377 /* Sources */,
				4575B09B2A6817D400A11377 /* Frameworks */,
				4575B09C2A6817D400A11377 /* Resources */,
			);
			buildRules = (
			);
			dependencies = (
			);
			name = MPDXClientExampleSwiftPackageManager;
			packageProductDependencies = (
				452D46E42A6819170045A50A /* MPDXiOSLib */,
			);
			productName = MPDXClientExampleSwiftPackageManager;
			productReference = 4575B09E2A6817D400A11377 /* MPDXClientExampleSwiftPackageManager.app */;
			productType = "com.apple.product-type.application";
		};
/* End PBXNativeTarget section */

/* Begin PBXProject section */
		4575B0962A6817D400A11377 /* Project object */ = {
			isa = PBXProject;
			attributes = {
				BuildIndependentTargetsInParallel = 1;
				LastSwiftUpdateCheck = 1420;
				LastUpgradeCheck = 1420;
				TargetAttributes = {
					4575B09D2A6817D400A11377 = {
						CreatedOnToolsVersion = 14.2;
						LastSwiftMigration = 1420;
					};
				};
			};
			buildConfigurationList = 4575B0992A6817D400A11377 /* Build configuration list for PBXProject "MPDXClientExampleSwiftPackageManager" */;
			compatibilityVersion = "Xcode 14.0";
			developmentRegion = en;
			hasScannedForEncodings = 0;
			knownRegions = (
				en,
				Base,
				de,
				ar,
				"es-419",
				"fr-FR",
				ko,
				tr,
				ru,
			);
			mainGroup = 4575B0952A6817D400A11377;
			packageReferences = (
				452D46E32A6819170045A50A /* XCRemoteSwiftPackageReference "mpdx-ios-lib" */,
			);
			productRefGroup = 4575B09F2A6817D400A11377 /* Products */;
			projectDirPath = "";
			projectRoot = "";
			targets = (
				4575B09D2A6817D400A11377 /* MPDXClientExampleSwiftPackageManager */,
			);
		};
/* End PBXProject section */

/* Begin PBXResourcesBuildPhase section */
		4575B09C2A6817D400A11377 /* Resources */ = {
			isa = PBXResourcesBuildPhase;
			buildActionMask = 2147483647;
			files = (
				4575B0AA2A6817D500A11377 /* Preview Assets.xcassets in Resources */,
				45A5B4AD2A68658A00B57EEE /* InfoPlist.strings in Resources */,
				4575B0A62A6817D500A11377 /* Assets.xcassets in Resources */,
			);
			runOnlyForDeploymentPostprocessing = 0;
		};
/* End PBXResourcesBuildPhase section */

/* Begin PBXSourcesBuildPhase section */
		4575B09A2A6817D400A11377 /* Sources */ = {
			isa = PBXSourcesBuildPhase;
			buildActionMask = 2147483647;
			files = (
				45A5B4962A68584E00B57EEE /* AppDelegate.swift in Sources */,
				45A5B4932A68584E00B57EEE /* AppConfig.swift in Sources */,
			);
			runOnlyForDeploymentPostprocessing = 0;
		};
/* End PBXSourcesBuildPhase section */

/* Begin PBXVariantGroup section */
		45A5B4A42A68658A00B57EEE /* InfoPlist.strings */ = {
			isa = PBXVariantGroup;
			children = (
				45A5B4A52A68658A00B57EEE /* de */,
				45A5B4A62A68658A00B57EEE /* ar */,
				45A5B4A72A68658A00B57EEE /* es-419 */,
				45A5B4A82A68658A00B57EEE /* fr-FR */,
				45A5B4A92A68658A00B57EEE /* ko */,
				45A5B4AA2A68658A00B57EEE /* Base */,
				45A5B4AB2A68658A00B57EEE /* tr */,
				45A5B4AC2A68658A00B57EEE /* ru */,
			);
			name = InfoPlist.strings;
			sourceTree = "<group>";
		};
/* End PBXVariantGroup section */

/* Begin XCBuildConfiguration section */
		4575B0AB2A6817D500A11377 /* Debug */ = {
			isa = XCBuildConfiguration;
			buildSettings = {
				ALWAYS_SEARCH_USER_PATHS = NO;
				CLANG_ANALYZER_NONNULL = YES;
				CLANG_ANALYZER_NUMBER_OBJECT_CONVERSION = YES_AGGRESSIVE;
				CLANG_CXX_LANGUAGE_STANDARD = "gnu++20";
				CLANG_ENABLE_MODULES = YES;
				CLANG_ENABLE_OBJC_ARC = YES;
				CLANG_ENABLE_OBJC_WEAK = YES;
				CLANG_WARN_BLOCK_CAPTURE_AUTORELEASING = YES;
				CLANG_WARN_BOOL_CONVERSION = YES;
				CLANG_WARN_COMMA = YES;
				CLANG_WARN_CONSTANT_CONVERSION = YES;
				CLANG_WARN_DEPRECATED_OBJC_IMPLEMENTATIONS = YES;
				CLANG_WARN_DIRECT_OBJC_ISA_USAGE = YES_ERROR;
				CLANG_WARN_DOCUMENTATION_COMMENTS = YES;
				CLANG_WARN_EMPTY_BODY = YES;
				CLANG_WARN_ENUM_CONVERSION = YES;
				CLANG_WARN_INFINITE_RECURSION = YES;
				CLANG_WARN_INT_CONVERSION = YES;
				CLANG_WARN_NON_LITERAL_NULL_CONVERSION = YES;
				CLANG_WARN_OBJC_IMPLICIT_RETAIN_SELF = YES;
				CLANG_WARN_OBJC_LITERAL_CONVERSION = YES;
				CLANG_WARN_OBJC_ROOT_CLASS = YES_ERROR;
				CLANG_WARN_QUOTED_INCLUDE_IN_FRAMEWORK_HEADER = YES;
				CLANG_WARN_RANGE_LOOP_ANALYSIS = YES;
				CLANG_WARN_STRICT_PROTOTYPES = YES;
				CLANG_WARN_SUSPICIOUS_MOVE = YES;
				CLANG_WARN_UNGUARDED_AVAILABILITY = YES_AGGRESSIVE;
				CLANG_WARN_UNREACHABLE_CODE = YES;
				CLANG_WARN__DUPLICATE_METHOD_MATCH = YES;
				COPY_PHASE_STRIP = NO;
				DEBUG_INFORMATION_FORMAT = dwarf;
				ENABLE_STRICT_OBJC_MSGSEND = YES;
				ENABLE_TESTABILITY = YES;
				GCC_C_LANGUAGE_STANDARD = gnu11;
				GCC_DYNAMIC_NO_PIC = NO;
				GCC_NO_COMMON_BLOCKS = YES;
				GCC_OPTIMIZATION_LEVEL = 0;
				GCC_PREPROCESSOR_DEFINITIONS = (
					"DEBUG=1",
					"$(inherited)",
				);
				GCC_WARN_64_TO_32_BIT_CONVERSION = YES;
				GCC_WARN_ABOUT_RETURN_TYPE = YES_ERROR;
				GCC_WARN_UNDECLARED_SELECTOR = YES;
				GCC_WARN_UNINITIALIZED_AUTOS = YES_AGGRESSIVE;
				GCC_WARN_UNUSED_FUNCTION = YES;
				GCC_WARN_UNUSED_VARIABLE = YES;
				IPHONEOS_DEPLOYMENT_TARGET = 14.0;
				MTL_ENABLE_DEBUG_INFO = INCLUDE_SOURCE;
				MTL_FAST_MATH = YES;
				ONLY_ACTIVE_ARCH = YES;
				SWIFT_ACTIVE_COMPILATION_CONDITIONS = DEBUG;
				SWIFT_OPTIMIZATION_LEVEL = "-Onone";
			};
			name = Debug;
		};
		4575B0AC2A6817D500A11377 /* Release */ = {
			isa = XCBuildConfiguration;
			buildSettings = {
				ALWAYS_SEARCH_USER_PATHS = NO;
				CLANG_ANALYZER_NONNULL = YES;
				CLANG_ANALYZER_NUMBER_OBJECT_CONVERSION = YES_AGGRESSIVE;
				CLANG_CXX_LANGUAGE_STANDARD = "gnu++20";
				CLANG_ENABLE_MODULES = YES;
				CLANG_ENABLE_OBJC_ARC = YES;
				CLANG_ENABLE_OBJC_WEAK = YES;
				CLANG_WARN_BLOCK_CAPTURE_AUTORELEASING = YES;
				CLANG_WARN_BOOL_CONVERSION = YES;
				CLANG_WARN_COMMA = YES;
				CLANG_WARN_CONSTANT_CONVERSION = YES;
				CLANG_WARN_DEPRECATED_OBJC_IMPLEMENTATIONS = YES;
				CLANG_WARN_DIRECT_OBJC_ISA_USAGE = YES_ERROR;
				CLANG_WARN_DOCUMENTATION_COMMENTS = YES;
				CLANG_WARN_EMPTY_BODY = YES;
				CLANG_WARN_ENUM_CONVERSION = YES;
				CLANG_WARN_INFINITE_RECURSION = YES;
				CLANG_WARN_INT_CONVERSION = YES;
				CLANG_WARN_NON_LITERAL_NULL_CONVERSION = YES;
				CLANG_WARN_OBJC_IMPLICIT_RETAIN_SELF = YES;
				CLANG_WARN_OBJC_LITERAL_CONVERSION = YES;
				CLANG_WARN_OBJC_ROOT_CLASS = YES_ERROR;
				CLANG_WARN_QUOTED_INCLUDE_IN_FRAMEWORK_HEADER = YES;
				CLANG_WARN_RANGE_LOOP_ANALYSIS = YES;
				CLANG_WARN_STRICT_PROTOTYPES = YES;
				CLANG_WARN_SUSPICIOUS_MOVE = YES;
				CLANG_WARN_UNGUARDED_AVAILABILITY = YES_AGGRESSIVE;
				CLANG_WARN_UNREACHABLE_CODE = YES;
				CLANG_WARN__DUPLICATE_METHOD_MATCH = YES;
				COPY_PHASE_STRIP = NO;
				DEBUG_INFORMATION_FORMAT = "dwarf-with-dsym";
				ENABLE_NS_ASSERTIONS = NO;
				ENABLE_STRICT_OBJC_MSGSEND = YES;
				GCC_C_LANGUAGE_STANDARD = gnu11;
				GCC_NO_COMMON_BLOCKS = YES;
				GCC_WARN_64_TO_32_BIT_CONVERSION = YES;
				GCC_WARN_ABOUT_RETURN_TYPE = YES_ERROR;
				GCC_WARN_UNDECLARED_SELECTOR = YES;
				GCC_WARN_UNINITIALIZED_AUTOS = YES_AGGRESSIVE;
				GCC_WARN_UNUSED_FUNCTION = YES;
				GCC_WARN_UNUSED_VARIABLE = YES;
				IPHONEOS_DEPLOYMENT_TARGET = 14.0;
				MTL_ENABLE_DEBUG_INFO = NO;
				MTL_FAST_MATH = YES;
				SWIFT_COMPILATION_MODE = wholemodule;
				SWIFT_OPTIMIZATION_LEVEL = "-O";
			};
			name = Release;
		};
		4575B0AE2A6817D500A11377 /* Debug */ = {
			isa = XCBuildConfiguration;
			buildSettings = {
				ASSETCATALOG_COMPILER_APPICON_NAME = AppIcon;
				ASSETCATALOG_COMPILER_GLOBAL_ACCENT_COLOR_NAME = AccentColor;
				CLANG_ENABLE_MODULES = YES;
				CODE_SIGN_ENTITLEMENTS = MPDXClientExampleSwiftPackageManager/MPDXClientExampleSwiftPackageManager.entitlements;
				CODE_SIGN_STYLE = Automatic;
				CURRENT_PROJECT_VERSION = 1;
				DEVELOPMENT_ASSET_PATHS = "\"MPDXClientExampleSwiftPackageManager/Preview Content\"";
				DEVELOPMENT_TEAM = 9KUXNXY2SY;
				ENABLE_HARDENED_RUNTIME = YES;
				ENABLE_PREVIEWS = YES;
				GENERATE_INFOPLIST_FILE = YES;
				INFOPLIST_FILE = MPDXClientExampleSwiftPackageManager/Info.plist;
				"INFOPLIST_KEY_UIApplicationSceneManifest_Generation[sdk=iphoneos*]" = YES;
				"INFOPLIST_KEY_UIApplicationSceneManifest_Generation[sdk=iphonesimulator*]" = YES;
				"INFOPLIST_KEY_UIApplicationSupportsIndirectInputEvents[sdk=iphoneos*]" = YES;
				"INFOPLIST_KEY_UIApplicationSupportsIndirectInputEvents[sdk=iphonesimulator*]" = YES;
				"INFOPLIST_KEY_UILaunchScreen_Generation[sdk=iphoneos*]" = YES;
				"INFOPLIST_KEY_UILaunchScreen_Generation[sdk=iphonesimulator*]" = YES;
				INFOPLIST_KEY_UIRequiresFullScreen = YES;
				"INFOPLIST_KEY_UIStatusBarStyle[sdk=iphoneos*]" = UIStatusBarStyleDefault;
				"INFOPLIST_KEY_UIStatusBarStyle[sdk=iphonesimulator*]" = UIStatusBarStyleDefault;
				INFOPLIST_KEY_UISupportedInterfaceOrientations = UIInterfaceOrientationPortrait;
				INFOPLIST_KEY_UISupportedInterfaceOrientations_iPad = "UIInterfaceOrientationLandscapeLeft UIInterfaceOrientationLandscapeRight UIInterfaceOrientationPortrait";
				IPHONEOS_DEPLOYMENT_TARGET = 14.0;
				LD_RUNPATH_SEARCH_PATHS = "@executable_path/Frameworks";
				"LD_RUNPATH_SEARCH_PATHS[sdk=macosx*]" = "@executable_path/../Frameworks";
				MACOSX_DEPLOYMENT_TARGET = 13.1;
				MARKETING_VERSION = 1.0;
				PRODUCT_BUNDLE_IDENTIFIER = org.cru.MPDXClientExampleSwiftPackageManager;
				PRODUCT_NAME = "$(TARGET_NAME)";
				SDKROOT = auto;
				SUPPORTED_PLATFORMS = "iphoneos iphonesimulator";
				SUPPORTS_MACCATALYST = NO;
				SUPPORTS_MAC_DESIGNED_FOR_IPHONE_IPAD = NO;
				SWIFT_EMIT_LOC_STRINGS = YES;
				SWIFT_OPTIMIZATION_LEVEL = "-Onone";
				SWIFT_VERSION = 5.0;
				TARGETED_DEVICE_FAMILY = "1,2";
			};
			name = Debug;
		};
		4575B0AF2A6817D500A11377 /* Release */ = {
			isa = XCBuildConfiguration;
			buildSettings = {
				ASSETCATALOG_COMPILER_APPICON_NAME = AppIcon;
				ASSETCATALOG_COMPILER_GLOBAL_ACCENT_COLOR_NAME = AccentColor;
				CLANG_ENABLE_MODULES = YES;
				CODE_SIGN_ENTITLEMENTS = MPDXClientExampleSwiftPackageManager/MPDXClientExampleSwiftPackageManager.entitlements;
				CODE_SIGN_STYLE = Automatic;
				CURRENT_PROJECT_VERSION = 1;
				DEVELOPMENT_ASSET_PATHS = "\"MPDXClientExampleSwiftPackageManager/Preview Content\"";
				DEVELOPMENT_TEAM = 9KUXNXY2SY;
				ENABLE_HARDENED_RUNTIME = YES;
				ENABLE_PREVIEWS = YES;
				GENERATE_INFOPLIST_FILE = YES;
				INFOPLIST_FILE = MPDXClientExampleSwiftPackageManager/Info.plist;
				"INFOPLIST_KEY_UIApplicationSceneManifest_Generation[sdk=iphoneos*]" = YES;
				"INFOPLIST_KEY_UIApplicationSceneManifest_Generation[sdk=iphonesimulator*]" = YES;
				"INFOPLIST_KEY_UIApplicationSupportsIndirectInputEvents[sdk=iphoneos*]" = YES;
				"INFOPLIST_KEY_UIApplicationSupportsIndirectInputEvents[sdk=iphonesimulator*]" = YES;
				"INFOPLIST_KEY_UILaunchScreen_Generation[sdk=iphoneos*]" = YES;
				"INFOPLIST_KEY_UILaunchScreen_Generation[sdk=iphonesimulator*]" = YES;
				INFOPLIST_KEY_UIRequiresFullScreen = YES;
				"INFOPLIST_KEY_UIStatusBarStyle[sdk=iphoneos*]" = UIStatusBarStyleDefault;
				"INFOPLIST_KEY_UIStatusBarStyle[sdk=iphonesimulator*]" = UIStatusBarStyleDefault;
				INFOPLIST_KEY_UISupportedInterfaceOrientations = UIInterfaceOrientationPortrait;
				INFOPLIST_KEY_UISupportedInterfaceOrientations_iPad = "UIInterfaceOrientationLandscapeLeft UIInterfaceOrientationLandscapeRight UIInterfaceOrientationPortrait";
				IPHONEOS_DEPLOYMENT_TARGET = 14.0;
				LD_RUNPATH_SEARCH_PATHS = "@executable_path/Frameworks";
				"LD_RUNPATH_SEARCH_PATHS[sdk=macosx*]" = "@executable_path/../Frameworks";
				MACOSX_DEPLOYMENT_TARGET = 13.1;
				MARKETING_VERSION = 1.0;
				PRODUCT_BUNDLE_IDENTIFIER = org.cru.MPDXClientExampleSwiftPackageManager;
				PRODUCT_NAME = "$(TARGET_NAME)";
				SDKROOT = auto;
				SUPPORTED_PLATFORMS = "iphoneos iphonesimulator";
				SUPPORTS_MACCATALYST = NO;
				SUPPORTS_MAC_DESIGNED_FOR_IPHONE_IPAD = NO;
				SWIFT_EMIT_LOC_STRINGS = YES;
				SWIFT_VERSION = 5.0;
				TARGETED_DEVICE_FAMILY = "1,2";
			};
			name = Release;
		};
/* End XCBuildConfiguration section */

/* Begin XCConfigurationList section */
		4575B0992A6817D400A11377 /* Build configuration list for PBXProject "MPDXClientExampleSwiftPackageManager" */ = {
			isa = XCConfigurationList;
			buildConfigurations = (
				4575B0AB2A6817D500A11377 /* Debug */,
				4575B0AC2A6817D500A11377 /* Release */,
			);
			defaultConfigurationIsVisible = 0;
			defaultConfigurationName = Release;
		};
		4575B0AD2A6817D500A11377 /* Build configuration list for PBXNativeTarget "MPDXClientExampleSwiftPackageManager" */ = {
			isa = XCConfigurationList;
			buildConfigurations = (
				4575B0AE2A6817D500A11377 /* Debug */,
				4575B0AF2A6817D500A11377 /* Release */,
			);
			defaultConfigurationIsVisible = 0;
			defaultConfigurationName = Release;
		};
/* End XCConfigurationList section */

/* Begin XCRemoteSwiftPackageReference section */
		452D46E32A6819170045A50A /* XCRemoteSwiftPackageReference "mpdx-ios-lib" */ = {
			isa = XCRemoteSwiftPackageReference;
			repositoryURL = "https://github.com/CruGlobal/mpdx-ios-lib.git";
			requirement = {
				kind = upToNextMinorVersion;
				minimumVersion = 0.5.1;
			};
		};
/* End XCRemoteSwiftPackageReference section */

/* Begin XCSwiftPackageProductDependency section */
		452D46E42A6819170045A50A /* MPDXiOSLib */ = {
			isa = XCSwiftPackageProductDependency;
			package = 452D46E32A6819170045A50A /* XCRemoteSwiftPackageReference "mpdx-ios-lib" */;
			productName = MPDXiOSLib;
		};
/* End XCSwiftPackageProductDependency section */
	};
	rootObject = 4575B0962A6817D400A11377 /* Project object */;
}
